
Microsoft Visual Studio Solution File, Format Version 12.00
Project("{FAE04EC0-301F-11D3-BF4B-00C04F79EFBC}") = "PredicateCombinator.Test", "PredicateCombinator.Test\PredicateCombinator.Test.csproj", "{36BEBB12-18C7-4520-9027-177437924F8F}"
EndProject
Project("{FAE04EC0-301F-11D3-BF4B-00C04F79EFBC}") = "PredicateCombinator", "PredicateCombinator\PredicateCombinator.csproj", "{66D20D2B-6C15-49F5-9FF3-934B0B395478}"
EndProject
Global
	GlobalSection(SolutionConfigurationPlatforms) = preSolution
		Debug|Any CPU = Debug|Any CPU
		Release|Any CPU = Release|Any CPU
	EndGlobalSection
	GlobalSection(ProjectConfigurationPlatforms) = postSolution
		{36BEBB12-18C7-4520-9027-177437924F8F}.Debug|Any CPU.ActiveCfg = Debug|Any CPU
		{36BEBB12-18C7-4520-9027-177437924F8F}.Debug|Any CPU.Build.0 = Debug|Any CPU
		{36BEBB12-18C7-4520-9027-177437924F8F}.Release|Any CPU.ActiveCfg = Release|Any CPU
		{36BEBB12-18C7-4520-9027-177437924F8F}.Release|Any CPU.Build.0 = Release|Any CPU
		{66D20D2B-6C15-49F5-9FF3-934B0B395478}.Debug|Any CPU.ActiveCfg = Debug|Any CPU
		{66D20D2B-6C15-49F5-9FF3-934B0B395478}.Debug|Any CPU.Build.0 = Debug|Any CPU
		{66D20D2B-6C15-49F5-9FF3-934B0B395478}.Release|Any CPU.ActiveCfg = Release|Any CPU
		{66D20D2B-6C15-49F5-9FF3-934B0B395478}.Release|Any CPU.Build.0 = Release|Any CPU
	EndGlobalSection
EndGlobal
